// !$*UTF8*$!
{
	archiveVersion = 1;
	classes = {
	};
	objectVersion = 46;
	objects = {

/* Begin PBXBuildFile section */
		A64D87991C8AC9F200A7DF14 /* UIImage+Util.m in Sources */ = {isa = PBXBuildFile; fileRef = A64D87981C8AC9F200A7DF14 /* UIImage+Util.m */; };
		A64D87A71C8ACD9600A7DF14 /* NewsViewController.m in Sources */ = {isa = PBXBuildFile; fileRef = A64D87A61C8ACD9600A7DF14 /* NewsViewController.m */; };
		A64D87AA1C8ACDA600A7DF14 /* ReadingViewController.m in Sources */ = {isa = PBXBuildFile; fileRef = A64D87A91C8ACDA600A7DF14 /* ReadingViewController.m */; };
		A64D87AD1C8ACDAF00A7DF14 /* MediaViewController.m in Sources */ = {isa = PBXBuildFile; fileRef = A64D87AC1C8ACDAF00A7DF14 /* MediaViewController.m */; };
		A64D87B01C8ACDC200A7DF14 /* TopicViewController.m in Sources */ = {isa = PBXBuildFile; fileRef = A64D87AF1C8ACDC200A7DF14 /* TopicViewController.m */; };
		A64D87B31C8ACDCE00A7DF14 /* UserViewController.m in Sources */ = {isa = PBXBuildFile; fileRef = A64D87B21C8ACDCE00A7DF14 /* UserViewController.m */; };
		A64D87B61C8ACED000A7DF14 /* NSArray+Util.m in Sources */ = {isa = PBXBuildFile; fileRef = A64D87B51C8ACED000A7DF14 /* NSArray+Util.m */; };
		A64D87BA1C8B249000A7DF14 /* BaseApi.m in Sources */ = {isa = PBXBuildFile; fileRef = A64D87B91C8B249000A7DF14 /* BaseApi.m */; };
		A64D87BE1C8B2B1B00A7DF14 /* NewsApi.m in Sources */ = {isa = PBXBuildFile; fileRef = A64D87BD1C8B2B1B00A7DF14 /* NewsApi.m */; };
		A64D87C41C8B46AF00A7DF14 /* NewsEntityCell.m in Sources */ = {isa = PBXBuildFile; fileRef = A64D87C31C8B46AF00A7DF14 /* NewsEntityCell.m */; };
		A64D87C71C8B474F00A7DF14 /* NewsEntityFrame.m in Sources */ = {isa = PBXBuildFile; fileRef = A64D87C61C8B474F00A7DF14 /* NewsEntityFrame.m */; };
		A64D87CA1C8B47DD00A7DF14 /* NewsEntityModel.m in Sources */ = {isa = PBXBuildFile; fileRef = A64D87C91C8B47DD00A7DF14 /* NewsEntityModel.m */; };
		A64D87CD1C8B72F300A7DF14 /* NSString+Util.m in Sources */ = {isa = PBXBuildFile; fileRef = A64D87CC1C8B72F300A7DF14 /* NSString+Util.m */; };
		A64D87D01C8B7D8F00A7DF14 /* NewsContentViewController.m in Sources */ = {isa = PBXBuildFile; fileRef = A64D87CF1C8B7D8F00A7DF14 /* NewsContentViewController.m */; };
		A6C1144A1C8ABCA90057B209 /* main.m in Sources */ = {isa = PBXBuildFile; fileRef = A6C114491C8ABCA90057B209 /* main.m */; };
		A6C1144D1C8ABCA90057B209 /* AppDelegate.m in Sources */ = {isa = PBXBuildFile; fileRef = A6C1144C1C8ABCA90057B209 /* AppDelegate.m */; };
		A6C114501C8ABCA90057B209 /* ViewController.m in Sources */ = {isa = PBXBuildFile; fileRef = A6C1144F1C8ABCA90057B209 /* ViewController.m */; };
		A6C114531C8ABCA90057B209 /* Main.storyboard in Resources */ = {isa = PBXBuildFile; fileRef = A6C114511C8ABCA90057B209 /* Main.storyboard */; };
		A6C114551C8ABCA90057B209 /* Assets.xcassets in Resources */ = {isa = PBXBuildFile; fileRef = A6C114541C8ABCA90057B209 /* Assets.xcassets */; };
		A6C114581C8ABCA90057B209 /* LaunchScreen.storyboard in Resources */ = {isa = PBXBuildFile; fileRef = A6C114561C8ABCA90057B209 /* LaunchScreen.storyboard */; };
		A6C114631C8ABCA90057B209 /* XidianInfoTests.m in Sources */ = {isa = PBXBuildFile; fileRef = A6C114621C8ABCA90057B209 /* XidianInfoTests.m */; };
		A6C1146E1C8ABCA90057B209 /* XidianInfoUITests.m in Sources */ = {isa = PBXBuildFile; fileRef = A6C1146D1C8ABCA90057B209 /* XidianInfoUITests.m */; };
		F86B9D7ABB7C9315CB812357 /* libPods-XidianInfo.a in Frameworks */ = {isa = PBXBuildFile; fileRef = 51D203B244BA0640994DF25A /* libPods-XidianInfo.a */; };
/* End PBXBuildFile section */

/* Begin PBXContainerItemProxy section */
		A6C1145F1C8ABCA90057B209 /* PBXContainerItemProxy */ = {
			isa = PBXContainerItemProxy;
			containerPortal = A6C1143D1C8ABCA90057B209 /* Project object */;
			proxyType = 1;
			remoteGlobalIDString = A6C114441C8ABCA90057B209;
			remoteInfo = XidianInfo;
		};
		A6C1146A1C8ABCA90057B209 /* PBXContainerItemProxy */ = {
			isa = PBXContainerItemProxy;
			containerPortal = A6C1143D1C8ABCA90057B209 /* Project object */;
			proxyType = 1;
			remoteGlobalIDString = A6C114441C8ABCA90057B209;
			remoteInfo = XidianInfo;
		};
/* End PBXContainerItemProxy section */

/* Begin PBXFileReference section */
		51D203B244BA0640994DF25A /* libPods-XidianInfo.a */ = {isa = PBXFileReference; explicitFileType = archive.ar; includeInIndex = 0; path = "libPods-XidianInfo.a"; sourceTree = BUILT_PRODUCTS_DIR; };
		6BC63A7E7479B753099EAAAB /* Pods-XidianInfo.debug.xcconfig */ = {isa = PBXFileReference; includeInIndex = 1; lastKnownFileType = text.xcconfig; name = "Pods-XidianInfo.debug.xcconfig"; path = "Pods/Target Support Files/Pods-XidianInfo/Pods-XidianInfo.debug.xcconfig"; sourceTree = "<group>"; };
		7AA221343A140DF4127D2A3F /* Pods-XidianInfo.release.xcconfig */ = {isa = PBXFileReference; includeInIndex = 1; lastKnownFileType = text.xcconfig; name = "Pods-XidianInfo.release.xcconfig"; path = "Pods/Target Support Files/Pods-XidianInfo/Pods-XidianInfo.release.xcconfig"; sourceTree = "<group>"; };
		A64D87931C8AC4E600A7DF14 /* UIConstants.h */ = {isa = PBXFileReference; lastKnownFileType = sourcecode.c.h; path = UIConstants.h; sourceTree = "<group>"; };
		A64D87941C8AC50900A7DF14 /* APIConstants.h */ = {isa = PBXFileReference; lastKnownFileType = sourcecode.c.h; path = APIConstants.h; sourceTree = "<group>"; };
		A64D87951C8AC57700A7DF14 /* XidianInfoHeader.pch */ = {isa = PBXFileReference; lastKnownFileType = sourcecode.c.h; path = XidianInfoHeader.pch; sourceTree = "<group>"; };
		A64D87971C8AC9F200A7DF14 /* UIImage+Util.h */ = {isa = PBXFileReference; fileEncoding = 4; lastKnownFileType = sourcecode.c.h; path = "UIImage+Util.h"; sourceTree = "<group>"; };
		A64D87981C8AC9F200A7DF14 /* UIImage+Util.m */ = {isa = PBXFileReference; fileEncoding = 4; lastKnownFileType = sourcecode.c.objc; path = "UIImage+Util.m"; sourceTree = "<group>"; };
		A64D87A51C8ACD9600A7DF14 /* NewsViewController.h */ = {isa = PBXFileReference; fileEncoding = 4; lastKnownFileType = sourcecode.c.h; path = NewsViewController.h; sourceTree = "<group>"; };
		A64D87A61C8ACD9600A7DF14 /* NewsViewController.m */ = {isa = PBXFileReference; fileEncoding = 4; lastKnownFileType = sourcecode.c.objc; path = NewsViewController.m; sourceTree = "<group>"; };
		A64D87A81C8ACDA600A7DF14 /* ReadingViewController.h */ = {isa = PBXFileReference; fileEncoding = 4; lastKnownFileType = sourcecode.c.h; path = ReadingViewController.h; sourceTree = "<group>"; };
		A64D87A91C8ACDA600A7DF14 /* ReadingViewController.m */ = {isa = PBXFileReference; fileEncoding = 4; lastKnownFileType = sourcecode.c.objc; path = ReadingViewController.m; sourceTree = "<group>"; };
		A64D87AB1C8ACDAF00A7DF14 /* MediaViewController.h */ = {isa = PBXFileReference; fileEncoding = 4; lastKnownFileType = sourcecode.c.h; path = MediaViewController.h; sourceTree = "<group>"; };
		A64D87AC1C8ACDAF00A7DF14 /* MediaViewController.m */ = {isa = PBXFileReference; fileEncoding = 4; lastKnownFileType = sourcecode.c.objc; path = MediaViewController.m; sourceTree = "<group>"; };
		A64D87AE1C8ACDC200A7DF14 /* TopicViewController.h */ = {isa = PBXFileReference; fileEncoding = 4; lastKnownFileType = sourcecode.c.h; path = TopicViewController.h; sourceTree = "<group>"; };
		A64D87AF1C8ACDC200A7DF14 /* TopicViewController.m */ = {isa = PBXFileReference; fileEncoding = 4; lastKnownFileType = sourcecode.c.objc; path = TopicViewController.m; sourceTree = "<group>"; };
		A64D87B11C8ACDCE00A7DF14 /* UserViewController.h */ = {isa = PBXFileReference; fileEncoding = 4; lastKnownFileType = sourcecode.c.h; path = UserViewController.h; sourceTree = "<group>"; };
		A64D87B21C8ACDCE00A7DF14 /* UserViewController.m */ = {isa = PBXFileReference; fileEncoding = 4; lastKnownFileType = sourcecode.c.objc; path = UserViewController.m; sourceTree = "<group>"; };
		A64D87B41C8ACED000A7DF14 /* NSArray+Util.h */ = {isa = PBXFileReference; fileEncoding = 4; lastKnownFileType = sourcecode.c.h; path = "NSArray+Util.h"; sourceTree = "<group>"; };
		A64D87B51C8ACED000A7DF14 /* NSArray+Util.m */ = {isa = PBXFileReference; fileEncoding = 4; lastKnownFileType = sourcecode.c.objc; path = "NSArray+Util.m"; sourceTree = "<group>"; };
		A64D87B81C8B249000A7DF14 /* BaseApi.h */ = {isa = PBXFileReference; fileEncoding = 4; lastKnownFileType = sourcecode.c.h; path = BaseApi.h; sourceTree = "<group>"; };
		A64D87B91C8B249000A7DF14 /* BaseApi.m */ = {isa = PBXFileReference; fileEncoding = 4; lastKnownFileType = sourcecode.c.objc; path = BaseApi.m; sourceTree = "<group>"; };
		A64D87BC1C8B2B1B00A7DF14 /* NewsApi.h */ = {isa = PBXFileReference; fileEncoding = 4; lastKnownFileType = sourcecode.c.h; path = NewsApi.h; sourceTree = "<group>"; };
		A64D87BD1C8B2B1B00A7DF14 /* NewsApi.m */ = {isa = PBXFileReference; fileEncoding = 4; lastKnownFileType = sourcecode.c.objc; path = NewsApi.m; sourceTree = "<group>"; };
		A64D87C21C8B46AF00A7DF14 /* NewsEntityCell.h */ = {isa = PBXFileReference; fileEncoding = 4; lastKnownFileType = sourcecode.c.h; path = NewsEntityCell.h; sourceTree = "<group>"; };
		A64D87C31C8B46AF00A7DF14 /* NewsEntityCell.m */ = {isa = PBXFileReference; fileEncoding = 4; lastKnownFileType = sourcecode.c.objc; path = NewsEntityCell.m; sourceTree = "<group>"; };
		A64D87C51C8B474F00A7DF14 /* NewsEntityFrame.h */ = {isa = PBXFileReference; fileEncoding = 4; lastKnownFileType = sourcecode.c.h; path = NewsEntityFrame.h; sourceTree = "<group>"; };
		A64D87C61C8B474F00A7DF14 /* NewsEntityFrame.m */ = {isa = PBXFileReference; fileEncoding = 4; lastKnownFileType = sourcecode.c.objc; path = NewsEntityFrame.m; sourceTree = "<group>"; };
		A64D87C81C8B47DD00A7DF14 /* NewsEntityModel.h */ = {isa = PBXFileReference; fileEncoding = 4; lastKnownFileType = sourcecode.c.h; path = NewsEntityModel.h; sourceTree = "<group>"; };
		A64D87C91C8B47DD00A7DF14 /* NewsEntityModel.m */ = {isa = PBXFileReference; fileEncoding = 4; lastKnownFileType = sourcecode.c.objc; path = NewsEntityModel.m; sourceTree = "<group>"; };
		A64D87CB1C8B72F300A7DF14 /* NSString+Util.h */ = {isa = PBXFileReference; fileEncoding = 4; lastKnownFileType = sourcecode.c.h; path = "NSString+Util.h"; sourceTree = "<group>"; };
		A64D87CC1C8B72F300A7DF14 /* NSString+Util.m */ = {isa = PBXFileReference; fileEncoding = 4; lastKnownFileType = sourcecode.c.objc; path = "NSString+Util.m"; sourceTree = "<group>"; };
		A64D87CE1C8B7D8F00A7DF14 /* NewsContentViewController.h */ = {isa = PBXFileReference; fileEncoding = 4; lastKnownFileType = sourcecode.c.h; path = NewsContentViewController.h; sourceTree = "<group>"; };
		A64D87CF1C8B7D8F00A7DF14 /* NewsContentViewController.m */ = {isa = PBXFileReference; fileEncoding = 4; lastKnownFileType = sourcecode.c.objc; path = NewsContentViewController.m; sourceTree = "<group>"; };
		A6C114451C8ABCA90057B209 /* XidianInfo.app */ = {isa = PBXFileReference; explicitFileType = wrapper.application; includeInIndex = 0; path = XidianInfo.app; sourceTree = BUILT_PRODUCTS_DIR; };
		A6C114491C8ABCA90057B209 /* main.m */ = {isa = PBXFileReference; lastKnownFileType = sourcecode.c.objc; path = main.m; sourceTree = "<group>"; };
		A6C1144B1C8ABCA90057B209 /* AppDelegate.h */ = {isa = PBXFileReference; lastKnownFileType = sourcecode.c.h; path = AppDelegate.h; sourceTree = "<group>"; };
		A6C1144C1C8ABCA90057B209 /* AppDelegate.m */ = {isa = PBXFileReference; lastKnownFileType = sourcecode.c.objc; path = AppDelegate.m; sourceTree = "<group>"; };
		A6C1144E1C8ABCA90057B209 /* ViewController.h */ = {isa = PBXFileReference; lastKnownFileType = sourcecode.c.h; path = ViewController.h; sourceTree = "<group>"; };
		A6C1144F1C8ABCA90057B209 /* ViewController.m */ = {isa = PBXFileReference; lastKnownFileType = sourcecode.c.objc; path = ViewController.m; sourceTree = "<group>"; };
		A6C114521C8ABCA90057B209 /* Base */ = {isa = PBXFileReference; lastKnownFileType = file.storyboard; name = Base; path = Base.lproj/Main.storyboard; sourceTree = "<group>"; };
		A6C114541C8ABCA90057B209 /* Assets.xcassets */ = {isa = PBXFileReference; lastKnownFileType = folder.assetcatalog; path = Assets.xcassets; sourceTree = "<group>"; };
		A6C114571C8ABCA90057B209 /* Base */ = {isa = PBXFileReference; lastKnownFileType = file.storyboard; name = Base; path = Base.lproj/LaunchScreen.storyboard; sourceTree = "<group>"; };
		A6C114591C8ABCA90057B209 /* Info.plist */ = {isa = PBXFileReference; lastKnownFileType = text.plist.xml; path = Info.plist; sourceTree = "<group>"; };
		A6C1145E1C8ABCA90057B209 /* XidianInfoTests.xctest */ = {isa = PBXFileReference; explicitFileType = wrapper.cfbundle; includeInIndex = 0; path = XidianInfoTests.xctest; sourceTree = BUILT_PRODUCTS_DIR; };
		A6C114621C8ABCA90057B209 /* XidianInfoTests.m */ = {isa = PBXFileReference; lastKnownFileType = sourcecode.c.objc; path = XidianInfoTests.m; sourceTree = "<group>"; };
		A6C114641C8ABCA90057B209 /* Info.plist */ = {isa = PBXFileReference; lastKnownFileType = text.plist.xml; path = Info.plist; sourceTree = "<group>"; };
		A6C114691C8ABCA90057B209 /* XidianInfoUITests.xctest */ = {isa = PBXFileReference; explicitFileType = wrapper.cfbundle; includeInIndex = 0; path = XidianInfoUITests.xctest; sourceTree = BUILT_PRODUCTS_DIR; };
		A6C1146D1C8ABCA90057B209 /* XidianInfoUITests.m */ = {isa = PBXFileReference; lastKnownFileType = sourcecode.c.objc; path = XidianInfoUITests.m; sourceTree = "<group>"; };
		A6C1146F1C8ABCA90057B209 /* Info.plist */ = {isa = PBXFileReference; lastKnownFileType = text.plist.xml; path = Info.plist; sourceTree = "<group>"; };
/* End PBXFileReference section */

/* Begin PBXFrameworksBuildPhase section */
		A6C114421C8ABCA90057B209 /* Frameworks */ = {
			isa = PBXFrameworksBuildPhase;
			buildActionMask = 2147483647;
			files = (
				F86B9D7ABB7C9315CB812357 /* libPods-XidianInfo.a in Frameworks */,
			);
			runOnlyForDeploymentPostprocessing = 0;
		};
		A6C1145B1C8ABCA90057B209 /* Frameworks */ = {
			isa = PBXFrameworksBuildPhase;
			buildActionMask = 2147483647;
			files = (
			);
			runOnlyForDeploymentPostprocessing = 0;
		};
		A6C114661C8ABCA90057B209 /* Frameworks */ = {
			isa = PBXFrameworksBuildPhase;
			buildActionMask = 2147483647;
			files = (
			);
			runOnlyForDeploymentPostprocessing = 0;
		};
/* End PBXFrameworksBuildPhase section */

/* Begin PBXGroup section */
		36A3940D3D5EB98D92A6A619 /* Pods */ = {
			isa = PBXGroup;
			children = (
				6BC63A7E7479B753099EAAAB /* Pods-XidianInfo.debug.xcconfig */,
				7AA221343A140DF4127D2A3F /* Pods-XidianInfo.release.xcconfig */,
			);
			name = Pods;
			sourceTree = "<group>";
		};
		A64D87921C8AC47F00A7DF14 /* Constants */ = {
			isa = PBXGroup;
			children = (
				A64D87931C8AC4E600A7DF14 /* UIConstants.h */,
				A64D87941C8AC50900A7DF14 /* APIConstants.h */,
			);
			name = Constants;
			sourceTree = "<group>";
		};
		A64D87961C8AC99400A7DF14 /* Utils */ = {
			isa = PBXGroup;
			children = (
				A64D87971C8AC9F200A7DF14 /* UIImage+Util.h */,
				A64D87981C8AC9F200A7DF14 /* UIImage+Util.m */,
				A64D87B41C8ACED000A7DF14 /* NSArray+Util.h */,
				A64D87B51C8ACED000A7DF14 /* NSArray+Util.m */,
				A64D87CB1C8B72F300A7DF14 /* NSString+Util.h */,
				A64D87CC1C8B72F300A7DF14 /* NSString+Util.m */,
			);
			name = Utils;
			sourceTree = "<group>";
		};
		A64D879A1C8ACC6300A7DF14 /* Controllers */ = {
			isa = PBXGroup;
			children = (
				A64D87A01C8ACCD200A7DF14 /* News */,
				A64D87A11C8ACCDB00A7DF14 /* Reading */,
				A64D87A21C8ACD4900A7DF14 /* Media */,
				A64D87A31C8ACD5D00A7DF14 /* Topic */,
				A64D87A41C8ACD7100A7DF14 /* User */,
			);
			name = Controllers;
			sourceTree = "<group>";
		};
		A64D879B1C8ACC7100A7DF14 /* Views */ = {
			isa = PBXGroup;
			children = (
				A64D87C21C8B46AF00A7DF14 /* NewsEntityCell.h */,
				A64D87C31C8B46AF00A7DF14 /* NewsEntityCell.m */,
			);
			name = Views;
			sourceTree = "<group>";
		};
		A64D879C1C8ACC7B00A7DF14 /* Models */ = {
			isa = PBXGroup;
			children = (
				A64D87C51C8B474F00A7DF14 /* NewsEntityFrame.h */,
				A64D87C61C8B474F00A7DF14 /* NewsEntityFrame.m */,
				A64D87C81C8B47DD00A7DF14 /* NewsEntityModel.h */,
				A64D87C91C8B47DD00A7DF14 /* NewsEntityModel.m */,
			);
			name = Models;
			sourceTree = "<group>";
		};
		A64D87A01C8ACCD200A7DF14 /* News */ = {
			isa = PBXGroup;
			children = (
				A64D87A51C8ACD9600A7DF14 /* NewsViewController.h */,
				A64D87A61C8ACD9600A7DF14 /* NewsViewController.m */,
				A64D87CE1C8B7D8F00A7DF14 /* NewsContentViewController.h */,
				A64D87CF1C8B7D8F00A7DF14 /* NewsContentViewController.m */,
			);
			name = News;
			sourceTree = "<group>";
		};
		A64D87A11C8ACCDB00A7DF14 /* Reading */ = {
			isa = PBXGroup;
			children = (
				A64D87A81C8ACDA600A7DF14 /* ReadingViewController.h */,
				A64D87A91C8ACDA600A7DF14 /* ReadingViewController.m */,
			);
			name = Reading;
			sourceTree = "<group>";
		};
		A64D87A21C8ACD4900A7DF14 /* Media */ = {
			isa = PBXGroup;
			children = (
				A64D87AB1C8ACDAF00A7DF14 /* MediaViewController.h */,
				A64D87AC1C8ACDAF00A7DF14 /* MediaViewController.m */,
			);
			name = Media;
			sourceTree = "<group>";
		};
		A64D87A31C8ACD5D00A7DF14 /* Topic */ = {
			isa = PBXGroup;
			children = (
				A64D87AE1C8ACDC200A7DF14 /* TopicViewController.h */,
				A64D87AF1C8ACDC200A7DF14 /* TopicViewController.m */,
			);
			name = Topic;
			sourceTree = "<group>";
		};
		A64D87A41C8ACD7100A7DF14 /* User */ = {
			isa = PBXGroup;
			children = (
				A64D87B11C8ACDCE00A7DF14 /* UserViewController.h */,
				A64D87B21C8ACDCE00A7DF14 /* UserViewController.m */,
			);
			name = User;
			sourceTree = "<group>";
		};
		A64D87B71C8B245500A7DF14 /* BaseClasses */ = {
			isa = PBXGroup;
			children = (
				A64D87B81C8B249000A7DF14 /* BaseApi.h */,
				A64D87B91C8B249000A7DF14 /* BaseApi.m */,
			);
			name = BaseClasses;
			sourceTree = "<group>";
		};
		A64D87BB1C8B296500A7DF14 /* Apis */ = {
			isa = PBXGroup;
			children = (
				A64D87BC1C8B2B1B00A7DF14 /* NewsApi.h */,
				A64D87BD1C8B2B1B00A7DF14 /* NewsApi.m */,
			);
			name = Apis;
			sourceTree = "<group>";
		};
		A6C1143C1C8ABCA90057B209 = {
			isa = PBXGroup;
			children = (
				A6C114471C8ABCA90057B209 /* XidianInfo */,
				A6C114611C8ABCA90057B209 /* XidianInfoTests */,
				A6C1146C1C8ABCA90057B209 /* XidianInfoUITests */,
				A6C114461C8ABCA90057B209 /* Products */,
				36A3940D3D5EB98D92A6A619 /* Pods */,
				A8C23D51518395A95A1641F9 /* Frameworks */,
			);
			sourceTree = "<group>";
		};
		A6C114461C8ABCA90057B209 /* Products */ = {
			isa = PBXGroup;
			children = (
				A6C114451C8ABCA90057B209 /* XidianInfo.app */,
				A6C1145E1C8ABCA90057B209 /* XidianInfoTests.xctest */,
				A6C114691C8ABCA90057B209 /* XidianInfoUITests.xctest */,
			);
			name = Products;
			sourceTree = "<group>";
		};
		A6C114471C8ABCA90057B209 /* XidianInfo */ = {
			isa = PBXGroup;
			children = (
				A64D87B71C8B245500A7DF14 /* BaseClasses */,
				A64D87BB1C8B296500A7DF14 /* Apis */,
				A64D879C1C8ACC7B00A7DF14 /* Models */,
				A64D879B1C8ACC7100A7DF14 /* Views */,
				A64D879A1C8ACC6300A7DF14 /* Controllers */,
				A64D87961C8AC99400A7DF14 /* Utils */,
				A64D87921C8AC47F00A7DF14 /* Constants */,
				A6C1144E1C8ABCA90057B209 /* ViewController.h */,
				A6C1144F1C8ABCA90057B209 /* ViewController.m */,
				A6C114511C8ABCA90057B209 /* Main.storyboard */,
				A6C114541C8ABCA90057B209 /* Assets.xcassets */,
				A6C114561C8ABCA90057B209 /* LaunchScreen.storyboard */,
				A6C114591C8ABCA90057B209 /* Info.plist */,
				A6C114481C8ABCA90057B209 /* Supporting Files */,
			);
			path = XidianInfo;
			sourceTree = "<group>";
		};
		A6C114481C8ABCA90057B209 /* Supporting Files */ = {
			isa = PBXGroup;
			children = (
				A64D87951C8AC57700A7DF14 /* XidianInfoHeader.pch */,
				A6C1144B1C8ABCA90057B209 /* AppDelegate.h */,
				A6C1144C1C8ABCA90057B209 /* AppDelegate.m */,
				A6C114491C8ABCA90057B209 /* main.m */,
			);
			name = "Supporting Files";
			sourceTree = "<group>";
		};
		A6C114611C8ABCA90057B209 /* XidianInfoTests */ = {
			isa = PBXGroup;
			children = (
				A6C114621C8ABCA90057B209 /* XidianInfoTests.m */,
				A6C114641C8ABCA90057B209 /* Info.plist */,
			);
			path = XidianInfoTests;
			sourceTree = "<group>";
		};
		A6C1146C1C8ABCA90057B209 /* XidianInfoUITests */ = {
			isa = PBXGroup;
			children = (
				A6C1146D1C8ABCA90057B209 /* XidianInfoUITests.m */,
				A6C1146F1C8ABCA90057B209 /* Info.plist */,
			);
			path = XidianInfoUITests;
			sourceTree = "<group>";
		};
		A8C23D51518395A95A1641F9 /* Frameworks */ = {
			isa = PBXGroup;
			children = (
				51D203B244BA0640994DF25A /* libPods-XidianInfo.a */,
			);
			name = Frameworks;
			sourceTree = "<group>";
		};
/* End PBXGroup section */

/* Begin PBXNativeTarget section */
		A6C114441C8ABCA90057B209 /* XidianInfo */ = {
			isa = PBXNativeTarget;
			buildConfigurationList = A6C114721C8ABCA90057B209 /* Build configuration list for PBXNativeTarget "XidianInfo" */;
			buildPhases = (
				01D5B58CCB1E6EA600B2F59B /* Check Pods Manifest.lock */,
				A6C114411C8ABCA90057B209 /* Sources */,
				A6C114421C8ABCA90057B209 /* Frameworks */,
				A6C114431C8ABCA90057B209 /* Resources */,
				44C8DC5F8D998F8F1E50F380 /* Embed Pods Frameworks */,
				C376EDEF2BBADDE156A108DA /* Copy Pods Resources */,
			);
			buildRules = (
			);
			dependencies = (
			);
			name = XidianInfo;
			productName = XidianInfo;
			productReference = A6C114451C8ABCA90057B209 /* XidianInfo.app */;
			productType = "com.apple.product-type.application";
		};
		A6C1145D1C8ABCA90057B209 /* XidianInfoTests */ = {
			isa = PBXNativeTarget;
			buildConfigurationList = A6C114751C8ABCA90057B209 /* Build configuration list for PBXNativeTarget "XidianInfoTests" */;
			buildPhases = (
				A6C1145A1C8ABCA90057B209 /* Sources */,
				A6C1145B1C8ABCA90057B209 /* Frameworks */,
				A6C1145C1C8ABCA90057B209 /* Resources */,
			);
			buildRules = (
			);
			dependencies = (
				A6C114601C8ABCA90057B209 /* PBXTargetDependency */,
			);
			name = XidianInfoTests;
			productName = XidianInfoTests;
			productReference = A6C1145E1C8ABCA90057B209 /* XidianInfoTests.xctest */;
			productType = "com.apple.product-type.bundle.unit-test";
		};
		A6C114681C8ABCA90057B209 /* XidianInfoUITests */ = {
			isa = PBXNativeTarget;
			buildConfigurationList = A6C114781C8ABCA90057B209 /* Build configuration list for PBXNativeTarget "XidianInfoUITests" */;
			buildPhases = (
				A6C114651C8ABCA90057B209 /* Sources */,
				A6C114661C8ABCA90057B209 /* Frameworks */,
				A6C114671C8ABCA90057B209 /* Resources */,
			);
			buildRules = (
			);
			dependencies = (
				A6C1146B1C8ABCA90057B209 /* PBXTargetDependency */,
			);
			name = XidianInfoUITests;
			productName = XidianInfoUITests;
			productReference = A6C114691C8ABCA90057B209 /* XidianInfoUITests.xctest */;
			productType = "com.apple.product-type.bundle.ui-testing";
		};
/* End PBXNativeTarget section */

/* Begin PBXProject section */
		A6C1143D1C8ABCA90057B209 /* Project object */ = {
			isa = PBXProject;
			attributes = {
				LastUpgradeCheck = 0720;
				ORGANIZATIONNAME = Pasco;
				TargetAttributes = {
					A6C114441C8ABCA90057B209 = {
						CreatedOnToolsVersion = 7.2;
					};
					A6C1145D1C8ABCA90057B209 = {
						CreatedOnToolsVersion = 7.2;
						TestTargetID = A6C114441C8ABCA90057B209;
					};
					A6C114681C8ABCA90057B209 = {
						CreatedOnToolsVersion = 7.2;
						TestTargetID = A6C114441C8ABCA90057B209;
					};
				};
			};
			buildConfigurationList = A6C114401C8ABCA90057B209 /* Build configuration list for PBXProject "XidianInfo" */;
			compatibilityVersion = "Xcode 3.2";
			developmentRegion = English;
			hasScannedForEncodings = 0;
			knownRegions = (
				en,
				Base,
			);
			mainGroup = A6C1143C1C8ABCA90057B209;
			productRefGroup = A6C114461C8ABCA90057B209 /* Products */;
			projectDirPath = "";
			projectRoot = "";
			targets = (
				A6C114441C8ABCA90057B209 /* XidianInfo */,
				A6C1145D1C8ABCA90057B209 /* XidianInfoTests */,
				A6C114681C8ABCA90057B209 /* XidianInfoUITests */,
			);
		};
/* End PBXProject section */

/* Begin PBXResourcesBuildPhase section */
		A6C114431C8ABCA90057B209 /* Resources */ = {
			isa = PBXResourcesBuildPhase;
			buildActionMask = 2147483647;
			files = (
				A6C114581C8ABCA90057B209 /* LaunchScreen.storyboard in Resources */,
				A6C114551C8ABCA90057B209 /* Assets.xcassets in Resources */,
				A6C114531C8ABCA90057B209 /* Main.storyboard in Resources */,
			);
			runOnlyForDeploymentPostprocessing = 0;
		};
		A6C1145C1C8ABCA90057B209 /* Resources */ = {
			isa = PBXResourcesBuildPhase;
			buildActionMask = 2147483647;
			files = (
			);
			runOnlyForDeploymentPostprocessing = 0;
		};
		A6C114671C8ABCA90057B209 /* Resources */ = {
			isa = PBXResourcesBuildPhase;
			buildActionMask = 2147483647;
			files = (
			);
			runOnlyForDeploymentPostprocessing = 0;
		};
/* End PBXResourcesBuildPhase section */

/* Begin PBXShellScriptBuildPhase section */
		01D5B58CCB1E6EA600B2F59B /* Check Pods Manifest.lock */ = {
			isa = PBXShellScriptBuildPhase;
			buildActionMask = 2147483647;
			files = (
			);
			inputPaths = (
			);
			name = "Check Pods Manifest.lock";
			outputPaths = (
			);
			runOnlyForDeploymentPostprocessing = 0;
			shellPath = /bin/sh;
			shellScript = "diff \"${PODS_ROOT}/../Podfile.lock\" \"${PODS_ROOT}/Manifest.lock\" > /dev/null\nif [[ $? != 0 ]] ; then\n    cat << EOM\nerror: The sandbox is not in sync with the Podfile.lock. Run 'pod install' or update your CocoaPods installation.\nEOM\n    exit 1\nfi\n";
			showEnvVarsInLog = 0;
		};
		44C8DC5F8D998F8F1E50F380 /* Embed Pods Frameworks */ = {
			isa = PBXShellScriptBuildPhase;
			buildActionMask = 2147483647;
			files = (
			);
			inputPaths = (
			);
			name = "Embed Pods Frameworks";
			outputPaths = (
			);
			runOnlyForDeploymentPostprocessing = 0;
			shellPath = /bin/sh;
			shellScript = "\"${SRCROOT}/Pods/Target Support Files/Pods-XidianInfo/Pods-XidianInfo-frameworks.sh\"\n";
			showEnvVarsInLog = 0;
		};
		C376EDEF2BBADDE156A108DA /* Copy Pods Resources */ = {
			isa = PBXShellScriptBuildPhase;
			buildActionMask = 2147483647;
			files = (
			);
			inputPaths = (
			);
			name = "Copy Pods Resources";
			outputPaths = (
			);
			runOnlyForDeploymentPostprocessing = 0;
			shellPath = /bin/sh;
			shellScript = "\"${SRCROOT}/Pods/Target Support Files/Pods-XidianInfo/Pods-XidianInfo-resources.sh\"\n";
			showEnvVarsInLog = 0;
		};
/* End PBXShellScriptBuildPhase section */

/* Begin PBXSourcesBuildPhase section */
		A6C114411C8ABCA90057B209 /* Sources */ = {
			isa = PBXSourcesBuildPhase;
			buildActionMask = 2147483647;
			files = (
				A64D87B31C8ACDCE00A7DF14 /* UserViewController.m in Sources */,
				A6C114501C8ABCA90057B209 /* ViewController.m in Sources */,
				A6C1144D1C8ABCA90057B209 /* AppDelegate.m in Sources */,
				A64D87C71C8B474F00A7DF14 /* NewsEntityFrame.m in Sources */,
				A64D87A71C8ACD9600A7DF14 /* NewsViewController.m in Sources */,
				A64D87AD1C8ACDAF00A7DF14 /* MediaViewController.m in Sources */,
				A64D87BA1C8B249000A7DF14 /* BaseApi.m in Sources */,
				A64D87CA1C8B47DD00A7DF14 /* NewsEntityModel.m in Sources */,
				A6C1144A1C8ABCA90057B209 /* main.m in Sources */,
				A64D87D01C8B7D8F00A7DF14 /* NewsContentViewController.m in Sources */,
				A64D87BE1C8B2B1B00A7DF14 /* NewsApi.m in Sources */,
				A64D87B61C8ACED000A7DF14 /* NSArray+Util.m in Sources */,
				A64D87CD1C8B72F300A7DF14 /* NSString+Util.m in Sources */,
				A64D87991C8AC9F200A7DF14 /* UIImage+Util.m in Sources */,
				A64D87B01C8ACDC200A7DF14 /* TopicViewController.m in Sources */,
				A64D87AA1C8ACDA600A7DF14 /* ReadingViewController.m in Sources */,
				A64D87C41C8B46AF00A7DF14 /* NewsEntityCell.m in Sources */,
			);
			runOnlyForDeploymentPostprocessing = 0;
		};
		A6C1145A1C8ABCA90057B209 /* Sources */ = {
			isa = PBXSourcesBuildPhase;
			buildActionMask = 2147483647;
			files = (
				A6C114631C8ABCA90057B209 /* XidianInfoTests.m in Sources */,
			);
			runOnlyForDeploymentPostprocessing = 0;
		};
		A6C114651C8ABCA90057B209 /* Sources */ = {
			isa = PBXSourcesBuildPhase;
			buildActionMask = 2147483647;
			files = (
				A6C1146E1C8ABCA90057B209 /* XidianInfoUITests.m in Sources */,
			);
			runOnlyForDeploymentPostprocessing = 0;
		};
/* End PBXSourcesBuildPhase section */

/* Begin PBXTargetDependency section */
		A6C114601C8ABCA90057B209 /* PBXTargetDependency */ = {
			isa = PBXTargetDependency;
			target = A6C114441C8ABCA90057B209 /* XidianInfo */;
			targetProxy = A6C1145F1C8ABCA90057B209 /* PBXContainerItemProxy */;
		};
		A6C1146B1C8ABCA90057B209 /* PBXTargetDependency */ = {
			isa = PBXTargetDependency;
			target = A6C114441C8ABCA90057B209 /* XidianInfo */;
			targetProxy = A6C1146A1C8ABCA90057B209 /* PBXContainerItemProxy */;
		};
/* End PBXTargetDependency section */

/* Begin PBXVariantGroup section */
		A6C114511C8ABCA90057B209 /* Main.storyboard */ = {
			isa = PBXVariantGroup;
			children = (
				A6C114521C8ABCA90057B209 /* Base */,
			);
			name = Main.storyboard;
			sourceTree = "<group>";
		};
		A6C114561C8ABCA90057B209 /* LaunchScreen.storyboard */ = {
			isa = PBXVariantGroup;
			children = (
				A6C114571C8ABCA90057B209 /* Base */,
			);
			name = LaunchScreen.storyboard;
			sourceTree = "<group>";
		};
/* End PBXVariantGroup section */

/* Begin XCBuildConfiguration section */
		A6C114701C8ABCA90057B209 /* Debug */ = {
			isa = XCBuildConfiguration;
			buildSettings = {
				ALWAYS_SEARCH_USER_PATHS = NO;
				CLANG_CXX_LANGUAGE_STANDARD = "gnu++0x";
				CLANG_CXX_LIBRARY = "libc++";
				CLANG_ENABLE_MODULES = YES;
				CLANG_ENABLE_OBJC_ARC = YES;
				CLANG_WARN_BOOL_CONVERSION = YES;
				CLANG_WARN_CONSTANT_CONVERSION = YES;
				CLANG_WARN_DIRECT_OBJC_ISA_USAGE = YES_ERROR;
				CLANG_WARN_EMPTY_BODY = YES;
				CLANG_WARN_ENUM_CONVERSION = YES;
				CLANG_WARN_INT_CONVERSION = YES;
				CLANG_WARN_OBJC_ROOT_CLASS = YES_ERROR;
				CLANG_WARN_UNREACHABLE_CODE = YES;
				CLANG_WARN__DUPLICATE_METHOD_MATCH = YES;
				"CODE_SIGN_IDENTITY[sdk=iphoneos*]" = "iPhone Developer";
				COPY_PHASE_STRIP = NO;
				DEBUG_INFORMATION_FORMAT = dwarf;
				ENABLE_STRICT_OBJC_MSGSEND = YES;
				ENABLE_TESTABILITY = YES;
				GCC_C_LANGUAGE_STANDARD = gnu99;
				GCC_DYNAMIC_NO_PIC = NO;
				GCC_NO_COMMON_BLOCKS = YES;
				GCC_OPTIMIZATION_LEVEL = 0;
				GCC_PREPROCESSOR_DEFINITIONS = (
					"DEBUG=1",
					"$(inherited)",
				);
				GCC_WARN_64_TO_32_BIT_CONVERSION = YES;
				GCC_WARN_ABOUT_RETURN_TYPE = YES_ERROR;
				GCC_WARN_UNDECLARED_SELECTOR = YES;
				GCC_WARN_UNINITIALIZED_AUTOS = YES_AGGRESSIVE;
				GCC_WARN_UNUSED_FUNCTION = YES;
				GCC_WARN_UNUSED_VARIABLE = YES;
				IPHONEOS_DEPLOYMENT_TARGET = 9.2;
				MTL_ENABLE_DEBUG_INFO = YES;
				ONLY_ACTIVE_ARCH = YES;
				SDKROOT = iphoneos;
				TARGETED_DEVICE_FAMILY = "1,2";
			};
			name = Debug;
		};
		A6C114711C8ABCA90057B209 /* Release */ = {
			isa = XCBuildConfiguration;
			buildSettings = {
				ALWAYS_SEARCH_USER_PATHS = NO;
				CLANG_CXX_LANGUAGE_STANDARD = "gnu++0x";
				CLANG_CXX_LIBRARY = "libc++";
				CLANG_ENABLE_MODULES = YES;
				CLANG_ENABLE_OBJC_ARC = YES;
				CLANG_WARN_BOOL_CONVERSION = YES;
				CLANG_WARN_CONSTANT_CONVERSION = YES;
				CLANG_WARN_DIRECT_OBJC_ISA_USAGE = YES_ERROR;
				CLANG_WARN_EMPTY_BODY = YES;
				CLANG_WARN_ENUM_CONVERSION = YES;
				CLANG_WARN_INT_CONVERSION = YES;
				CLANG_WARN_OBJC_ROOT_CLASS = YES_ERROR;
				CLANG_WARN_UNREACHABLE_CODE = YES;
				CLANG_WARN__DUPLICATE_METHOD_MATCH = YES;
				"CODE_SIGN_IDENTITY[sdk=iphoneos*]" = "iPhone Developer";
				COPY_PHASE_STRIP = NO;
				DEBUG_INFORMATION_FORMAT = "dwarf-with-dsym";
				ENABLE_NS_ASSERTIONS = NO;
				ENABLE_STRICT_OBJC_MSGSEND = YES;
				GCC_C_LANGUAGE_STANDARD = gnu99;
				GCC_NO_COMMON_BLOCKS = YES;
				GCC_WARN_64_TO_32_BIT_CONVERSION = YES;
				GCC_WARN_ABOUT_RETURN_TYPE = YES_ERROR;
				GCC_WARN_UNDECLARED_SELECTOR = YES;
				GCC_WARN_UNINITIALIZED_AUTOS = YES_AGGRESSIVE;
				GCC_WARN_UNUSED_FUNCTION = YES;
				GCC_WARN_UNUSED_VARIABLE = YES;
				IPHONEOS_DEPLOYMENT_TARGET = 9.2;
				MTL_ENABLE_DEBUG_INFO = NO;
				SDKROOT = iphoneos;
				TARGETED_DEVICE_FAMILY = "1,2";
				VALIDATE_PRODUCT = YES;
			};
			name = Release;
		};
		A6C114731C8ABCA90057B209 /* Debug */ = {
			isa = XCBuildConfiguration;
			baseConfigurationReference = 6BC63A7E7479B753099EAAAB /* Pods-XidianInfo.debug.xcconfig */;
			buildSettings = {
				ASSETCATALOG_COMPILER_APPICON_NAME = AppIcon;
				GCC_PREFIX_HEADER = "$(SRCROOT)/XidianInfo/XidianInfoHeader.pch";
				INFOPLIST_FILE = XidianInfo/Info.plist;
				LD_RUNPATH_SEARCH_PATHS = "$(inherited) @executable_path/Frameworks";
				PRODUCT_BUNDLE_IDENTIFIER = PascoCoder.XidianInfo;
				PRODUCT_NAME = "$(TARGET_NAME)";
			};
			name = Debug;
		};
		A6C114741C8ABCA90057B209 /* Release */ = {
			isa = XCBuildConfiguration;
			baseConfigurationReference = 7AA221343A140DF4127D2A3F /* Pods-XidianInfo.release.xcconfig */;
			buildSettings = {
				ASSETCATALOG_COMPILER_APPICON_NAME = AppIcon;
				GCC_PREFIX_HEADER = "$(SRCROOT)/XidianInfo/XidianInfoHeader.pch";
				INFOPLIST_FILE = XidianInfo/Info.plist;
				LD_RUNPATH_SEARCH_PATHS = "$(inherited) @executable_path/Frameworks";
				PRODUCT_BUNDLE_IDENTIFIER = PascoCoder.XidianInfo;
				PRODUCT_NAME = "$(TARGET_NAME)";
			};
			name = Release;
		};
		A6C114761C8ABCA90057B209 /* Debug */ = {
			isa = XCBuildConfiguration;
			buildSettings = {
				BUNDLE_LOADER = "$(TEST_HOST)";
				INFOPLIST_FILE = XidianInfoTests/Info.plist;
				LD_RUNPATH_SEARCH_PATHS = "$(inherited) @executable_path/Frameworks @loader_path/Frameworks";
				PRODUCT_BUNDLE_IDENTIFIER = PascoCoder.XidianInfoTests;
				PRODUCT_NAME = "$(TARGET_NAME)";
				TEST_HOST = "$(BUILT_PRODUCTS_DIR)/XidianInfo.app/XidianInfo";
			};
			name = Debug;
		};
		A6C114771C8ABCA90057B209 /* Release */ = {
			isa = XCBuildConfiguration;
			buildSettings = {
				BUNDLE_LOADER = "$(TEST_HOST)";
				INFOPLIST_FILE = XidianInfoTests/Info.plist;
				LD_RUNPATH_SEARCH_PATHS = "$(inherited) @executable_path/Frameworks @loader_path/Frameworks";
				PRODUCT_BUNDLE_IDENTIFIER = PascoCoder.XidianInfoTests;
				PRODUCT_NAME = "$(TARGET_NAME)";
				TEST_HOST = "$(BUILT_PRODUCTS_DIR)/XidianInfo.app/XidianInfo";
			};
			name = Release;
		};
		A6C114791C8ABCA90057B209 /* Debug */ = {
			isa = XCBuildConfiguration;
			buildSettings = {
				INFOPLIST_FILE = XidianInfoUITests/Info.plist;
				LD_RUNPATH_SEARCH_PATHS = "$(inherited) @executable_path/Frameworks @loader_path/Frameworks";
				PRODUCT_BUNDLE_IDENTIFIER = PascoCoder.XidianInfoUITests;
				PRODUCT_NAME = "$(TARGET_NAME)";
				TEST_TARGET_NAME = XidianInfo;
				USES_XCTRUNNER = YES;
			};
			name = Debug;
		};
		A6C1147A1C8ABCA90057B209 /* Release */ = {
			isa = XCBuildConfiguration;
			buildSettings = {
				INFOPLIST_FILE = XidianInfoUITests/Info.plist;
				LD_RUNPATH_SEARCH_PATHS = "$(inherited) @executable_path/Frameworks @loader_path/Frameworks";
				PRODUCT_BUNDLE_IDENTIFIER = PascoCoder.XidianInfoUITests;
				PRODUCT_NAME = "$(TARGET_NAME)";
				TEST_TARGET_NAME = XidianInfo;
				USES_XCTRUNNER = YES;
			};
			name = Release;
		};
/* End XCBuildConfiguration section */

/* Begin XCConfigurationList section */
		A6C114401C8ABCA90057B209 /* Build configuration list for PBXProject "XidianInfo" */ = {
			isa = XCConfigurationList;
			buildConfigurations = (
				A6C114701C8ABCA90057B209 /* Debug */,
				A6C114711C8ABCA90057B209 /* Release */,
			);
			defaultConfigurationIsVisible = 0;
			defaultConfigurationName = Release;
		};
		A6C114721C8ABCA90057B209 /* Build configuration list for PBXNativeTarget "XidianInfo" */ = {
			isa = XCConfigurationList;
			buildConfigurations = (
				A6C114731C8ABCA90057B209 /* Debug */,
				A6C114741C8ABCA90057B209 /* Release */,
			);
			defaultConfigurationIsVisible = 0;
			defaultConfigurationName = Release;
		};
		A6C114751C8ABCA90057B209 /* Build configuration list for PBXNativeTarget "XidianInfoTests" */ = {
			isa = XCConfigurationList;
			buildConfigurations = (
				A6C114761C8ABCA90057B209 /* Debug */,
				A6C114771C8ABCA90057B209 /* Release */,
			);
			defaultConfigurationIsVisible = 0;
			defaultConfigurationName = Release;
		};
		A6C114781C8ABCA90057B209 /* Build configuration list for PBXNativeTarget "XidianInfoUITests" */ = {
			isa = XCConfigurationList;
			buildConfigurations = (
				A6C114791C8ABCA90057B209 /* Debug */,
				A6C1147A1C8ABCA90057B209 /* Release */,
			);
			defaultConfigurationIsVisible = 0;
			defaultConfigurationName = Release;
		};
/* End XCConfigurationList section */
	};
	rootObject = A6C1143D1C8ABCA90057B209 /* Project object */;
}
